# This file is automatically @generated by Cargo.
# It is not intended for manual editing.
[[package]]
name = "libc"
version = "0.2.48"
source = "registry+https://github.com/rust-lang/crates.io-index"

[[package]]
name = "monkey"
version = "0.1.0"
dependencies = [
 "whoami 0.5.0 (registry+https://github.com/rust-lang/crates.io-index)",
]

[[package]]
name = "whoami"
version = "0.5.0"
source = "registry+https://github.com/rust-lang/crates.io-index"
dependencies = [
 "libc 0.2.48 (registry+https://github.com/rust-lang/crates.io-index)",
]

[metadata]
"checksum libc 0.2.48 (registry+https://github.com/rust-lang/crates.io-index)" = "e962c7641008ac010fa60a7dfdc1712449f29c44ef2d4702394aea943ee75047"
"checksum whoami 0.5.0 (registry+https://github.com/rust-lang/crates.io-index)" = "26a97763f20903e18047d20af1f1a667afe2fe6cbd22b80334f2f5fe4441db80"
